
Microsoft Visual Studio Solution File, Format Version 12.00
# Visual Studio Version 16
VisualStudioVersion = 16.0.32126.315
MinimumVisualStudioVersion = 10.0.40219.1
Project("{FAE04EC0-301F-11D3-BF4B-00C04F79EFBC}") = "DotNet20BridgeNet4x", "DotNet20BridgeNet4x\DotNet20BridgeNet4x.csproj", "{1C0B5F30-54B2-42F5-A887-114C61EED614}"
EndProject
Project("{FAE04EC0-301F-11D3-BF4B-00C04F79EFBC}") = "DotNet20BridgeNet4x.Test", "DotNet20BridgeNet4x.Test\DotNet20BridgeNet4x.Test.csproj", "{CCF49F24-1306-459F-82D3-66E8A9C64FD2}"
EndProject
Project("{FAE04EC0-301F-11D3-BF4B-00C04F79EFBC}") = "Mono.Posix.Net20", "Mono.Posix.Net20\Mono.Posix.Net20.csproj", "{A6AFE267-5E33-44C0-A1B9-3283B95792A1}"
EndProject
Project("{FAE04EC0-301F-11D3-BF4B-00C04F79EFBC}") = "System.Core.Net20", "System.Core.Net20\System.Core.Net20.csproj", "{1E9498FC-1F70-4AE6-AAE3-89043D4C995C}"
EndProject
Project("{FAE04EC0-301F-11D3-BF4B-00C04F79EFBC}") = "System.Threading.Net20", "System.Threading.Net20\System.Threading.Net20.csproj", "{8E3C2FCF-FBE3-407A-BF92-C9D945D3E656}"
EndProject
Project("{FAE04EC0-301F-11D3-BF4B-00C04F79EFBC}") = "System.Threading.Tasks.Net35", "System.Threading.Net35\System.Threading.Tasks.Net35.csproj", "{DCB5D745-525C-46A1-BFC0-E12F87AB6165}"
EndProject
Project("{FAE04EC0-301F-11D3-BF4B-00C04F79EFBC}") = "System.Security.Net20", "System.Security.Net20\System.Security.Net20.csproj", "{A2F5E356-15DF-4998-9F09-AE8B4EA4160E}"
EndProject
Project("{FAE04EC0-301F-11D3-BF4B-00C04F79EFBC}") = "Mono.Security.Net20", "Mono.Security.Net20\Mono.Security.Net20.csproj", "{EA699C0C-BDF6-458E-BCF5-3F16E2B83FFC}"
EndProject
Project("{FAE04EC0-301F-11D3-BF4B-00C04F79EFBC}") = "FlatBuffers.net35", "..\goole_flatbuffers\FlatBuffers.net35.csproj", "{28C00774-1E73-4A75-AD8F-844CD21A064D}"
EndProject
Project("{FAE04EC0-301F-11D3-BF4B-00C04F79EFBC}") = "corlib.Net20", "F:\Work\irobotq\probuct\src\第三方类库\Mono-Src\class\corlib\corlib.Net20.csproj", "{5A00133C-6D08-48F7-A164-8B796CE6DB83}"
EndProject
Project("{FAE04EC0-301F-11D3-BF4B-00C04F79EFBC}") = "WindowsBase-net_2_0", "F:\Work\irobotq\probuct\src\第三方类库\Mono-Src\class\WindowsBase\WindowsBase-net_2_0.csproj", "{65F08514-3634-45C8-8EEB-6BAEA2EDC0C8}"
EndProject
Project("{FAE04EC0-301F-11D3-BF4B-00C04F79EFBC}") = "FlatBuffers.net20", "..\goole_flatbuffers\FlatBuffers.net20.csproj", "{24CDDA1D-456E-4A65-AC96-35E715E4E894}"
EndProject
Project("{FAE04EC0-301F-11D3-BF4B-00C04F79EFBC}") = "Mono.MicroThreading.Net20", "Mono.MicroThreading.Net20\Mono.MicroThreading.Net20.csproj", "{9BDC2110-7424-4160-AA19-6B27D4193A92}"
EndProject
Project("{FAE04EC0-301F-11D3-BF4B-00C04F79EFBC}") = "SimpleWinFormMvvm.Net20", "..\SimpleWinFormMvvm\SimpleWinFormMvvm\SimpleWinFormMvvm.Net20.csproj", "{DA3A776A-B43D-42CA-A9D1-EE3025BF95DB}"
EndProject
Project("{FAE04EC0-301F-11D3-BF4B-00C04F79EFBC}") = "System.CoreEx.Net20", "System.CoreEx.Net20\System.CoreEx.Net20.csproj", "{5181F733-C581-418C-BEB5-B731ED2B86A6}"
EndProject
Project("{9A19103F-16F7-4668-BE54-9A1E7A4F7556}") = "Framework.Core", "..\Promise\Theraot-master\Framework.Core\Framework.Core.csproj", "{B5078871-4299-49ED-B921-3B5EBE57336A}"
EndProject
Project("{9A19103F-16F7-4668-BE54-9A1E7A4F7556}") = "ReflectionBridge", "..\Promise\ReflectionBridge-master\src\ReflectionBridge\ReflectionBridge.csproj", "{6E22793B-F28E-4509-9EBE-3FC29094DA94}"
EndProject
Project("{2150E333-8FDC-42A3-9474-1A3956D46DE8}") = "MinimumSystemNet20LIB", "MinimumSystemNet20LIB", "{41C0D45C-DDD0-48AC-95F7-2C2E074C85D8}"
EndProject
Project("{2150E333-8FDC-42A3-9474-1A3956D46DE8}") = "MinimumOtherNet20LIB", "MinimumOtherNet20LIB", "{D42DF69D-1693-43B5-846B-E66C1EE8925F}"
EndProject
Project("{FAE04EC0-301F-11D3-BF4B-00C04F79EFBC}") = "System.BridgeLinqExp.Net20", "MinimumBridgeSystemNet20LIB\System.BridgeLinqExp.Net20\System.BridgeLinqExp.Net20.csproj", "{A5E7C1A0-FF59-4462-9C1A-F87FBBE98C4F}"
EndProject
Project("{FAE04EC0-301F-11D3-BF4B-00C04F79EFBC}") = "System.BridgeMvvm.Net20", "MinimumBridgeSystemNet20LIB\System.BridgeMvvm.Net20\System.BridgeMvvm.Net20.csproj", "{6E90250F-A19B-46CA-82C4-E389BEB1019F}"
EndProject
Project("{FAE04EC0-301F-11D3-BF4B-00C04F79EFBC}") = "System.BridgeDynamic.Net20", "MinimumBridgeSystemNet20LIB\System.BridgeDynamic.Net20\System.BridgeDynamic.Net20.csproj", "{F0210C20-877A-4EF1-9135-73A856C6C68D}"
EndProject
Project("{FAE04EC0-301F-11D3-BF4B-00C04F79EFBC}") = "System.BridgeReflection.Net20", "MinimumBridgeSystemNet20LIB\System.BridgeReflection.Net20\System.BridgeReflection.Net20.csproj", "{565FFB68-D983-4812-8949-C2C33B88DA3F}"
EndProject
Project("{FAE04EC0-301F-11D3-BF4B-00C04F79EFBC}") = "System.Buffers.Net20", "MinimumBridgeSystemNet20LIB\System.Buffers.Net20\System.Buffers.Net20.csproj", "{BA9ECB35-10B9-4D8B-A1F0-0BD9B6639AAE}"
EndProject
Project("{FAE04EC0-301F-11D3-BF4B-00C04F79EFBC}") = "System.Windows.Threading.Net20", "MinimumBridgeSystemNet20LIB\System.Windows.Threading.Net20\System.Windows.Threading.Net20.csproj", "{30E23137-F745-4F71-8BA9-95233D53F4C1}"
EndProject
Project("{FAE04EC0-301F-11D3-BF4B-00C04F79EFBC}") = "Mono.Mathematics.Net20", "MinimumBridgeOtherNet20LIB\Mono.Mathematics.Net20\Mono.Mathematics.Net20.csproj", "{E54A97DB-0AB7-4E70-9FD7-0B0382D5D170}"
EndProject
Project("{2150E333-8FDC-42A3-9474-1A3956D46DE8}") = "Refer_To", "Refer_To", "{65835A7E-AD15-402B-8394-C9C93BC80A7E}"
EndProject
Project("{FAE04EC0-301F-11D3-BF4B-00C04F79EFBC}") = "System.Numerics.Net20", "MinimumBridgeSystemNet20LIB\System.Numerics.Net20\System.Numerics.Net20.csproj", "{ACB9D4F5-5A26-46ED-B22D-1AA10BFC0BD2}"
EndProject
Project("{2150E333-8FDC-42A3-9474-1A3956D46DE8}") = "System_Security_Net20", "System_Security_Net20", "{1335C41C-B17F-4B10-84E3-399D09AE64F8}"
EndProject
Project("{FAE04EC0-301F-11D3-BF4B-00C04F79EFBC}") = "System.BridgeXmlLinq.Net20", "MinimumBridgeSystemNet20LIB\System.BridgeXmlLinq.Net20\System.BridgeXmlLinq.Net20.csproj", "{763B6B86-FC8F-4BBF-99F1-CE52A74CA6C7}"
EndProject
Project("{FAE04EC0-301F-11D3-BF4B-00C04F79EFBC}") = "System.Xml.Linq.Net20", "MinimumBridgeSystemNet20LIB\System.BridgeXmlLinq.Net20\System.Xml.Linq.Net20.csproj", "{AAE273B8-B11D-476C-BC07-DB6748EEC2B0}"
EndProject
Project("{9A19103F-16F7-4668-BE54-9A1E7A4F7556}") = "System.Memory", "System.Memory\System.Memory.csproj", "{D132D0E9-50CC-4B76-B1AA-EA0DC9B4671A}"
EndProject
Project("{FAE04EC0-301F-11D3-BF4B-00C04F79EFBC}") = "DotNetCross.Memory.Unsafe", "MinimumBridgeOtherNet20LIB\DotNetCross.Memory.Unsafe\DotNetCross.Memory.Unsafe.csproj", "{C65F5319-E738-4654-AC02-1C9C6A1867CB}"
EndProject
Project("{FAE04EC0-301F-11D3-BF4B-00C04F79EFBC}") = "System.Memory.Net20", "System.Memory.Net20\System.Memory.Net20.csproj", "{0C61F69B-E63F-4918-A97A-09EC8091A224}"
EndProject
Project("{FAE04EC0-301F-11D3-BF4B-00C04F79EFBC}") = "System.Memory.Net45", "..\System.Memory.Net45\System.Memory.Net45.csproj", "{C317A55A-7E40-4552-92BF-6E9D08C29C9D}"
EndProject
Global
	GlobalSection(SolutionConfigurationPlatforms) = preSolution
		Debug|Any CPU = Debug|Any CPU
		Debug|x86 = Debug|x86
		Release|Any CPU = Release|Any CPU
		Release|x86 = Release|x86
	EndGlobalSection
	GlobalSection(ProjectConfigurationPlatforms) = postSolution
		{1C0B5F30-54B2-42F5-A887-114C61EED614}.Debug|Any CPU.ActiveCfg = Debug|Any CPU
		{1C0B5F30-54B2-42F5-A887-114C61EED614}.Debug|Any CPU.Build.0 = Debug|Any CPU
		{1C0B5F30-54B2-42F5-A887-114C61EED614}.Debug|x86.ActiveCfg = Debug|Any CPU
		{1C0B5F30-54B2-42F5-A887-114C61EED614}.Debug|x86.Build.0 = Debug|Any CPU
		{1C0B5F30-54B2-42F5-A887-114C61EED614}.Release|Any CPU.ActiveCfg = Release|Any CPU
		{1C0B5F30-54B2-42F5-A887-114C61EED614}.Release|Any CPU.Build.0 = Release|Any CPU
		{1C0B5F30-54B2-42F5-A887-114C61EED614}.Release|x86.ActiveCfg = Release|Any CPU
		{1C0B5F30-54B2-42F5-A887-114C61EED614}.Release|x86.Build.0 = Release|Any CPU
		{CCF49F24-1306-459F-82D3-66E8A9C64FD2}.Debug|Any CPU.ActiveCfg = Debug|Any CPU
		{CCF49F24-1306-459F-82D3-66E8A9C64FD2}.Debug|Any CPU.Build.0 = Debug|Any CPU
		{CCF49F24-1306-459F-82D3-66E8A9C64FD2}.Debug|x86.ActiveCfg = Debug|Any CPU
		{CCF49F24-1306-459F-82D3-66E8A9C64FD2}.Debug|x86.Build.0 = Debug|Any CPU
		{CCF49F24-1306-459F-82D3-66E8A9C64FD2}.Release|Any CPU.ActiveCfg = Release|Any CPU
		{CCF49F24-1306-459F-82D3-66E8A9C64FD2}.Release|Any CPU.Build.0 = Release|Any CPU
		{CCF49F24-1306-459F-82D3-66E8A9C64FD2}.Release|x86.ActiveCfg = Release|Any CPU
		{CCF49F24-1306-459F-82D3-66E8A9C64FD2}.Release|x86.Build.0 = Release|Any CPU
		{A6AFE267-5E33-44C0-A1B9-3283B95792A1}.Debug|Any CPU.ActiveCfg = Debug|Any CPU
		{A6AFE267-5E33-44C0-A1B9-3283B95792A1}.Debug|Any CPU.Build.0 = Debug|Any CPU
		{A6AFE267-5E33-44C0-A1B9-3283B95792A1}.Debug|x86.ActiveCfg = Debug|Any CPU
		{A6AFE267-5E33-44C0-A1B9-3283B95792A1}.Debug|x86.Build.0 = Debug|Any CPU
		{A6AFE267-5E33-44C0-A1B9-3283B95792A1}.Release|Any CPU.ActiveCfg = Release|Any CPU
		{A6AFE267-5E33-44C0-A1B9-3283B95792A1}.Release|Any CPU.Build.0 = Release|Any CPU
		{A6AFE267-5E33-44C0-A1B9-3283B95792A1}.Release|x86.ActiveCfg = Release|Any CPU
		{A6AFE267-5E33-44C0-A1B9-3283B95792A1}.Release|x86.Build.0 = Release|Any CPU
		{1E9498FC-1F70-4AE6-AAE3-89043D4C995C}.Debug|Any CPU.ActiveCfg = Debug|Any CPU
		{1E9498FC-1F70-4AE6-AAE3-89043D4C995C}.Debug|Any CPU.Build.0 = Debug|Any CPU
		{1E9498FC-1F70-4AE6-AAE3-89043D4C995C}.Debug|x86.ActiveCfg = Debug|Any CPU
		{1E9498FC-1F70-4AE6-AAE3-89043D4C995C}.Debug|x86.Build.0 = Debug|Any CPU
		{1E9498FC-1F70-4AE6-AAE3-89043D4C995C}.Release|Any CPU.ActiveCfg = Release|Any CPU
		{1E9498FC-1F70-4AE6-AAE3-89043D4C995C}.Release|Any CPU.Build.0 = Release|Any CPU
		{1E9498FC-1F70-4AE6-AAE3-89043D4C995C}.Release|x86.ActiveCfg = Release|Any CPU
		{1E9498FC-1F70-4AE6-AAE3-89043D4C995C}.Release|x86.Build.0 = Release|Any CPU
		{8E3C2FCF-FBE3-407A-BF92-C9D945D3E656}.Debug|Any CPU.ActiveCfg = Debug|Any CPU
		{8E3C2FCF-FBE3-407A-BF92-C9D945D3E656}.Debug|Any CPU.Build.0 = Debug|Any CPU
		{8E3C2FCF-FBE3-407A-BF92-C9D945D3E656}.Debug|x86.ActiveCfg = Debug|Any CPU
		{8E3C2FCF-FBE3-407A-BF92-C9D945D3E656}.Debug|x86.Build.0 = Debug|Any CPU
		{8E3C2FCF-FBE3-407A-BF92-C9D945D3E656}.Release|Any CPU.ActiveCfg = Release|Any CPU
		{8E3C2FCF-FBE3-407A-BF92-C9D945D3E656}.Release|Any CPU.Build.0 = Release|Any CPU
		{8E3C2FCF-FBE3-407A-BF92-C9D945D3E656}.Release|x86.ActiveCfg = Release|Any CPU
		{8E3C2FCF-FBE3-407A-BF92-C9D945D3E656}.Release|x86.Build.0 = Release|Any CPU
		{DCB5D745-525C-46A1-BFC0-E12F87AB6165}.Debug|Any CPU.ActiveCfg = Debug|Any CPU
		{DCB5D745-525C-46A1-BFC0-E12F87AB6165}.Debug|Any CPU.Build.0 = Debug|Any CPU
		{DCB5D745-525C-46A1-BFC0-E12F87AB6165}.Debug|x86.ActiveCfg = Debug|Any CPU
		{DCB5D745-525C-46A1-BFC0-E12F87AB6165}.Release|Any CPU.ActiveCfg = Release|Any CPU
		{DCB5D745-525C-46A1-BFC0-E12F87AB6165}.Release|Any CPU.Build.0 = Release|Any CPU
		{DCB5D745-525C-46A1-BFC0-E12F87AB6165}.Release|x86.ActiveCfg = Release|Any CPU
		{A2F5E356-15DF-4998-9F09-AE8B4EA4160E}.Debug|Any CPU.ActiveCfg = Debug|Any CPU
		{A2F5E356-15DF-4998-9F09-AE8B4EA4160E}.Debug|Any CPU.Build.0 = Debug|Any CPU
		{A2F5E356-15DF-4998-9F09-AE8B4EA4160E}.Debug|x86.ActiveCfg = Debug|Any CPU
		{A2F5E356-15DF-4998-9F09-AE8B4EA4160E}.Debug|x86.Build.0 = Debug|Any CPU
		{A2F5E356-15DF-4998-9F09-AE8B4EA4160E}.Release|Any CPU.ActiveCfg = Release|Any CPU
		{A2F5E356-15DF-4998-9F09-AE8B4EA4160E}.Release|Any CPU.Build.0 = Release|Any CPU
		{A2F5E356-15DF-4998-9F09-AE8B4EA4160E}.Release|x86.ActiveCfg = Release|Any CPU
		{A2F5E356-15DF-4998-9F09-AE8B4EA4160E}.Release|x86.Build.0 = Release|Any CPU
		{EA699C0C-BDF6-458E-BCF5-3F16E2B83FFC}.Debug|Any CPU.ActiveCfg = Debug|Any CPU
		{EA699C0C-BDF6-458E-BCF5-3F16E2B83FFC}.Debug|Any CPU.Build.0 = Debug|Any CPU
		{EA699C0C-BDF6-458E-BCF5-3F16E2B83FFC}.Debug|x86.ActiveCfg = Debug|Any CPU
		{EA699C0C-BDF6-458E-BCF5-3F16E2B83FFC}.Debug|x86.Build.0 = Debug|Any CPU
		{EA699C0C-BDF6-458E-BCF5-3F16E2B83FFC}.Release|Any CPU.ActiveCfg = Release|Any CPU
		{EA699C0C-BDF6-458E-BCF5-3F16E2B83FFC}.Release|Any CPU.Build.0 = Release|Any CPU
		{EA699C0C-BDF6-458E-BCF5-3F16E2B83FFC}.Release|x86.ActiveCfg = Release|Any CPU
		{EA699C0C-BDF6-458E-BCF5-3F16E2B83FFC}.Release|x86.Build.0 = Release|Any CPU
		{28C00774-1E73-4A75-AD8F-844CD21A064D}.Debug|Any CPU.ActiveCfg = Debug|Any CPU
		{28C00774-1E73-4A75-AD8F-844CD21A064D}.Debug|Any CPU.Build.0 = Debug|Any CPU
		{28C00774-1E73-4A75-AD8F-844CD21A064D}.Debug|x86.ActiveCfg = Debug|Any CPU
		{28C00774-1E73-4A75-AD8F-844CD21A064D}.Debug|x86.Build.0 = Debug|Any CPU
		{28C00774-1E73-4A75-AD8F-844CD21A064D}.Release|Any CPU.ActiveCfg = Release|Any CPU
		{28C00774-1E73-4A75-AD8F-844CD21A064D}.Release|Any CPU.Build.0 = Release|Any CPU
		{28C00774-1E73-4A75-AD8F-844CD21A064D}.Release|x86.ActiveCfg = Release|Any CPU
		{28C00774-1E73-4A75-AD8F-844CD21A064D}.Release|x86.Build.0 = Release|Any CPU
		{5A00133C-6D08-48F7-A164-8B796CE6DB83}.Debug|Any CPU.ActiveCfg = Debug|Any CPU
		{5A00133C-6D08-48F7-A164-8B796CE6DB83}.Debug|Any CPU.Build.0 = Debug|Any CPU
		{5A00133C-6D08-48F7-A164-8B796CE6DB83}.Debug|x86.ActiveCfg = Debug|Any CPU
		{5A00133C-6D08-48F7-A164-8B796CE6DB83}.Debug|x86.Build.0 = Debug|Any CPU
		{5A00133C-6D08-48F7-A164-8B796CE6DB83}.Release|Any CPU.ActiveCfg = Release|Any CPU
		{5A00133C-6D08-48F7-A164-8B796CE6DB83}.Release|Any CPU.Build.0 = Release|Any CPU
		{5A00133C-6D08-48F7-A164-8B796CE6DB83}.Release|x86.ActiveCfg = Release|Any CPU
		{5A00133C-6D08-48F7-A164-8B796CE6DB83}.Release|x86.Build.0 = Release|Any CPU
		{65F08514-3634-45C8-8EEB-6BAEA2EDC0C8}.Debug|Any CPU.ActiveCfg = Debug|Any CPU
		{65F08514-3634-45C8-8EEB-6BAEA2EDC0C8}.Debug|Any CPU.Build.0 = Debug|Any CPU
		{65F08514-3634-45C8-8EEB-6BAEA2EDC0C8}.Debug|x86.ActiveCfg = Debug|Any CPU
		{65F08514-3634-45C8-8EEB-6BAEA2EDC0C8}.Debug|x86.Build.0 = Debug|Any CPU
		{65F08514-3634-45C8-8EEB-6BAEA2EDC0C8}.Release|Any CPU.ActiveCfg = Release|Any CPU
		{65F08514-3634-45C8-8EEB-6BAEA2EDC0C8}.Release|Any CPU.Build.0 = Release|Any CPU
		{65F08514-3634-45C8-8EEB-6BAEA2EDC0C8}.Release|x86.ActiveCfg = Release|Any CPU
		{65F08514-3634-45C8-8EEB-6BAEA2EDC0C8}.Release|x86.Build.0 = Release|Any CPU
		{24CDDA1D-456E-4A65-AC96-35E715E4E894}.Debug|Any CPU.ActiveCfg = Debug|Any CPU
		{24CDDA1D-456E-4A65-AC96-35E715E4E894}.Debug|Any CPU.Build.0 = Debug|Any CPU
		{24CDDA1D-456E-4A65-AC96-35E715E4E894}.Debug|x86.ActiveCfg = Debug|Any CPU
		{24CDDA1D-456E-4A65-AC96-35E715E4E894}.Debug|x86.Build.0 = Debug|Any CPU
		{24CDDA1D-456E-4A65-AC96-35E715E4E894}.Release|Any CPU.ActiveCfg = Release|Any CPU
		{24CDDA1D-456E-4A65-AC96-35E715E4E894}.Release|Any CPU.Build.0 = Release|Any CPU
		{24CDDA1D-456E-4A65-AC96-35E715E4E894}.Release|x86.ActiveCfg = Release|Any CPU
		{24CDDA1D-456E-4A65-AC96-35E715E4E894}.Release|x86.Build.0 = Release|Any CPU
		{9BDC2110-7424-4160-AA19-6B27D4193A92}.Debug|Any CPU.ActiveCfg = Debug|Any CPU
		{9BDC2110-7424-4160-AA19-6B27D4193A92}.Debug|Any CPU.Build.0 = Debug|Any CPU
		{9BDC2110-7424-4160-AA19-6B27D4193A92}.Debug|x86.ActiveCfg = Debug|Any CPU
		{9BDC2110-7424-4160-AA19-6B27D4193A92}.Debug|x86.Build.0 = Debug|Any CPU
		{9BDC2110-7424-4160-AA19-6B27D4193A92}.Release|Any CPU.ActiveCfg = Release|Any CPU
		{9BDC2110-7424-4160-AA19-6B27D4193A92}.Release|Any CPU.Build.0 = Release|Any CPU
		{9BDC2110-7424-4160-AA19-6B27D4193A92}.Release|x86.ActiveCfg = Release|Any CPU
		{9BDC2110-7424-4160-AA19-6B27D4193A92}.Release|x86.Build.0 = Release|Any CPU
		{DA3A776A-B43D-42CA-A9D1-EE3025BF95DB}.Debug|Any CPU.ActiveCfg = Debug|Any CPU
		{DA3A776A-B43D-42CA-A9D1-EE3025BF95DB}.Debug|Any CPU.Build.0 = Debug|Any CPU
		{DA3A776A-B43D-42CA-A9D1-EE3025BF95DB}.Debug|x86.ActiveCfg = Debug|Any CPU
		{DA3A776A-B43D-42CA-A9D1-EE3025BF95DB}.Debug|x86.Build.0 = Debug|Any CPU
		{DA3A776A-B43D-42CA-A9D1-EE3025BF95DB}.Release|Any CPU.ActiveCfg = Release|Any CPU
		{DA3A776A-B43D-42CA-A9D1-EE3025BF95DB}.Release|Any CPU.Build.0 = Release|Any CPU
		{DA3A776A-B43D-42CA-A9D1-EE3025BF95DB}.Release|x86.ActiveCfg = Release|Any CPU
		{DA3A776A-B43D-42CA-A9D1-EE3025BF95DB}.Release|x86.Build.0 = Release|Any CPU
		{5181F733-C581-418C-BEB5-B731ED2B86A6}.Debug|Any CPU.ActiveCfg = Debug|Any CPU
		{5181F733-C581-418C-BEB5-B731ED2B86A6}.Debug|Any CPU.Build.0 = Debug|Any CPU
		{5181F733-C581-418C-BEB5-B731ED2B86A6}.Debug|x86.ActiveCfg = Debug|Any CPU
		{5181F733-C581-418C-BEB5-B731ED2B86A6}.Debug|x86.Build.0 = Debug|Any CPU
		{5181F733-C581-418C-BEB5-B731ED2B86A6}.Release|Any CPU.ActiveCfg = Release|Any CPU
		{5181F733-C581-418C-BEB5-B731ED2B86A6}.Release|Any CPU.Build.0 = Release|Any CPU
		{5181F733-C581-418C-BEB5-B731ED2B86A6}.Release|x86.ActiveCfg = Release|Any CPU
		{5181F733-C581-418C-BEB5-B731ED2B86A6}.Release|x86.Build.0 = Release|Any CPU
		{B5078871-4299-49ED-B921-3B5EBE57336A}.Debug|Any CPU.ActiveCfg = Debug|Any CPU
		{B5078871-4299-49ED-B921-3B5EBE57336A}.Debug|Any CPU.Build.0 = Debug|Any CPU
		{B5078871-4299-49ED-B921-3B5EBE57336A}.Debug|x86.ActiveCfg = Debug|Any CPU
		{B5078871-4299-49ED-B921-3B5EBE57336A}.Debug|x86.Build.0 = Debug|Any CPU
		{B5078871-4299-49ED-B921-3B5EBE57336A}.Release|Any CPU.ActiveCfg = Release|Any CPU
		{B5078871-4299-49ED-B921-3B5EBE57336A}.Release|Any CPU.Build.0 = Release|Any CPU
		{B5078871-4299-49ED-B921-3B5EBE57336A}.Release|x86.ActiveCfg = Release|Any CPU
		{B5078871-4299-49ED-B921-3B5EBE57336A}.Release|x86.Build.0 = Release|Any CPU
		{6E22793B-F28E-4509-9EBE-3FC29094DA94}.Debug|Any CPU.ActiveCfg = Debug|Any CPU
		{6E22793B-F28E-4509-9EBE-3FC29094DA94}.Debug|Any CPU.Build.0 = Debug|Any CPU
		{6E22793B-F28E-4509-9EBE-3FC29094DA94}.Debug|x86.ActiveCfg = Debug|Any CPU
		{6E22793B-F28E-4509-9EBE-3FC29094DA94}.Debug|x86.Build.0 = Debug|Any CPU
		{6E22793B-F28E-4509-9EBE-3FC29094DA94}.Release|Any CPU.ActiveCfg = Release|Any CPU
		{6E22793B-F28E-4509-9EBE-3FC29094DA94}.Release|Any CPU.Build.0 = Release|Any CPU
		{6E22793B-F28E-4509-9EBE-3FC29094DA94}.Release|x86.ActiveCfg = Release|Any CPU
		{6E22793B-F28E-4509-9EBE-3FC29094DA94}.Release|x86.Build.0 = Release|Any CPU
		{A5E7C1A0-FF59-4462-9C1A-F87FBBE98C4F}.Debug|Any CPU.ActiveCfg = Debug|Any CPU
		{A5E7C1A0-FF59-4462-9C1A-F87FBBE98C4F}.Debug|Any CPU.Build.0 = Debug|Any CPU
		{A5E7C1A0-FF59-4462-9C1A-F87FBBE98C4F}.Debug|x86.ActiveCfg = Debug|Any CPU
		{A5E7C1A0-FF59-4462-9C1A-F87FBBE98C4F}.Debug|x86.Build.0 = Debug|Any CPU
		{A5E7C1A0-FF59-4462-9C1A-F87FBBE98C4F}.Release|Any CPU.ActiveCfg = Release|Any CPU
		{A5E7C1A0-FF59-4462-9C1A-F87FBBE98C4F}.Release|Any CPU.Build.0 = Release|Any CPU
		{A5E7C1A0-FF59-4462-9C1A-F87FBBE98C4F}.Release|x86.ActiveCfg = Release|Any CPU
		{A5E7C1A0-FF59-4462-9C1A-F87FBBE98C4F}.Release|x86.Build.0 = Release|Any CPU
		{6E90250F-A19B-46CA-82C4-E389BEB1019F}.Debug|Any CPU.ActiveCfg = Debug|Any CPU
		{6E90250F-A19B-46CA-82C4-E389BEB1019F}.Debug|Any CPU.Build.0 = Debug|Any CPU
		{6E90250F-A19B-46CA-82C4-E389BEB1019F}.Debug|x86.ActiveCfg = Debug|Any CPU
		{6E90250F-A19B-46CA-82C4-E389BEB1019F}.Debug|x86.Build.0 = Debug|Any CPU
		{6E90250F-A19B-46CA-82C4-E389BEB1019F}.Release|Any CPU.ActiveCfg = Release|Any CPU
		{6E90250F-A19B-46CA-82C4-E389BEB1019F}.Release|Any CPU.Build.0 = Release|Any CPU
		{6E90250F-A19B-46CA-82C4-E389BEB1019F}.Release|x86.ActiveCfg = Release|Any CPU
		{6E90250F-A19B-46CA-82C4-E389BEB1019F}.Release|x86.Build.0 = Release|Any CPU
		{F0210C20-877A-4EF1-9135-73A856C6C68D}.Debug|Any CPU.ActiveCfg = Debug|Any CPU
		{F0210C20-877A-4EF1-9135-73A856C6C68D}.Debug|Any CPU.Build.0 = Debug|Any CPU
		{F0210C20-877A-4EF1-9135-73A856C6C68D}.Debug|x86.ActiveCfg = Debug|Any CPU
		{F0210C20-877A-4EF1-9135-73A856C6C68D}.Debug|x86.Build.0 = Debug|Any CPU
		{F0210C20-877A-4EF1-9135-73A856C6C68D}.Release|Any CPU.ActiveCfg = Release|Any CPU
		{F0210C20-877A-4EF1-9135-73A856C6C68D}.Release|Any CPU.Build.0 = Release|Any CPU
		{F0210C20-877A-4EF1-9135-73A856C6C68D}.Release|x86.ActiveCfg = Release|Any CPU
		{F0210C20-877A-4EF1-9135-73A856C6C68D}.Release|x86.Build.0 = Release|Any CPU
		{565FFB68-D983-4812-8949-C2C33B88DA3F}.Debug|Any CPU.ActiveCfg = Debug|Any CPU
		{565FFB68-D983-4812-8949-C2C33B88DA3F}.Debug|Any CPU.Build.0 = Debug|Any CPU
		{565FFB68-D983-4812-8949-C2C33B88DA3F}.Debug|x86.ActiveCfg = Debug|Any CPU
		{565FFB68-D983-4812-8949-C2C33B88DA3F}.Debug|x86.Build.0 = Debug|Any CPU
		{565FFB68-D983-4812-8949-C2C33B88DA3F}.Release|Any CPU.ActiveCfg = Release|Any CPU
		{565FFB68-D983-4812-8949-C2C33B88DA3F}.Release|Any CPU.Build.0 = Release|Any CPU
		{565FFB68-D983-4812-8949-C2C33B88DA3F}.Release|x86.ActiveCfg = Release|Any CPU
		{565FFB68-D983-4812-8949-C2C33B88DA3F}.Release|x86.Build.0 = Release|Any CPU
		{BA9ECB35-10B9-4D8B-A1F0-0BD9B6639AAE}.Debug|Any CPU.ActiveCfg = Debug|Any CPU
		{BA9ECB35-10B9-4D8B-A1F0-0BD9B6639AAE}.Debug|Any CPU.Build.0 = Debug|Any CPU
		{BA9ECB35-10B9-4D8B-A1F0-0BD9B6639AAE}.Debug|x86.ActiveCfg = Debug|Any CPU
		{BA9ECB35-10B9-4D8B-A1F0-0BD9B6639AAE}.Debug|x86.Build.0 = Debug|Any CPU
		{BA9ECB35-10B9-4D8B-A1F0-0BD9B6639AAE}.Release|Any CPU.ActiveCfg = Release|Any CPU
		{BA9ECB35-10B9-4D8B-A1F0-0BD9B6639AAE}.Release|Any CPU.Build.0 = Release|Any CPU
		{BA9ECB35-10B9-4D8B-A1F0-0BD9B6639AAE}.Release|x86.ActiveCfg = Release|Any CPU
		{BA9ECB35-10B9-4D8B-A1F0-0BD9B6639AAE}.Release|x86.Build.0 = Release|Any CPU
		{30E23137-F745-4F71-8BA9-95233D53F4C1}.Debug|Any CPU.ActiveCfg = Debug|Any CPU
		{30E23137-F745-4F71-8BA9-95233D53F4C1}.Debug|Any CPU.Build.0 = Debug|Any CPU
		{30E23137-F745-4F71-8BA9-95233D53F4C1}.Debug|x86.ActiveCfg = Debug|Any CPU
		{30E23137-F745-4F71-8BA9-95233D53F4C1}.Debug|x86.Build.0 = Debug|Any CPU
		{30E23137-F745-4F71-8BA9-95233D53F4C1}.Release|Any CPU.ActiveCfg = Release|Any CPU
		{30E23137-F745-4F71-8BA9-95233D53F4C1}.Release|Any CPU.Build.0 = Release|Any CPU
		{30E23137-F745-4F71-8BA9-95233D53F4C1}.Release|x86.ActiveCfg = Release|Any CPU
		{30E23137-F745-4F71-8BA9-95233D53F4C1}.Release|x86.Build.0 = Release|Any CPU
		{E54A97DB-0AB7-4E70-9FD7-0B0382D5D170}.Debug|Any CPU.ActiveCfg = Debug|Any CPU
		{E54A97DB-0AB7-4E70-9FD7-0B0382D5D170}.Debug|Any CPU.Build.0 = Debug|Any CPU
		{E54A97DB-0AB7-4E70-9FD7-0B0382D5D170}.Debug|x86.ActiveCfg = Debug|Any CPU
		{E54A97DB-0AB7-4E70-9FD7-0B0382D5D170}.Debug|x86.Build.0 = Debug|Any CPU
		{E54A97DB-0AB7-4E70-9FD7-0B0382D5D170}.Release|Any CPU.ActiveCfg = Release|Any CPU
		{E54A97DB-0AB7-4E70-9FD7-0B0382D5D170}.Release|Any CPU.Build.0 = Release|Any CPU
		{E54A97DB-0AB7-4E70-9FD7-0B0382D5D170}.Release|x86.ActiveCfg = Release|Any CPU
		{E54A97DB-0AB7-4E70-9FD7-0B0382D5D170}.Release|x86.Build.0 = Release|Any CPU
		{ACB9D4F5-5A26-46ED-B22D-1AA10BFC0BD2}.Debug|Any CPU.ActiveCfg = Debug|Any CPU
		{ACB9D4F5-5A26-46ED-B22D-1AA10BFC0BD2}.Debug|Any CPU.Build.0 = Debug|Any CPU
		{ACB9D4F5-5A26-46ED-B22D-1AA10BFC0BD2}.Debug|x86.ActiveCfg = Debug|Any CPU
		{ACB9D4F5-5A26-46ED-B22D-1AA10BFC0BD2}.Debug|x86.Build.0 = Debug|Any CPU
		{ACB9D4F5-5A26-46ED-B22D-1AA10BFC0BD2}.Release|Any CPU.ActiveCfg = Release|Any CPU
		{ACB9D4F5-5A26-46ED-B22D-1AA10BFC0BD2}.Release|Any CPU.Build.0 = Release|Any CPU
		{ACB9D4F5-5A26-46ED-B22D-1AA10BFC0BD2}.Release|x86.ActiveCfg = Release|Any CPU
		{ACB9D4F5-5A26-46ED-B22D-1AA10BFC0BD2}.Release|x86.Build.0 = Release|Any CPU
		{763B6B86-FC8F-4BBF-99F1-CE52A74CA6C7}.Debug|Any CPU.ActiveCfg = Debug|Any CPU
		{763B6B86-FC8F-4BBF-99F1-CE52A74CA6C7}.Debug|Any CPU.Build.0 = Debug|Any CPU
		{763B6B86-FC8F-4BBF-99F1-CE52A74CA6C7}.Debug|x86.ActiveCfg = Debug|Any CPU
		{763B6B86-FC8F-4BBF-99F1-CE52A74CA6C7}.Debug|x86.Build.0 = Debug|Any CPU
		{763B6B86-FC8F-4BBF-99F1-CE52A74CA6C7}.Release|Any CPU.ActiveCfg = Release|Any CPU
		{763B6B86-FC8F-4BBF-99F1-CE52A74CA6C7}.Release|Any CPU.Build.0 = Release|Any CPU
		{763B6B86-FC8F-4BBF-99F1-CE52A74CA6C7}.Release|x86.ActiveCfg = Release|Any CPU
		{763B6B86-FC8F-4BBF-99F1-CE52A74CA6C7}.Release|x86.Build.0 = Release|Any CPU
		{AAE273B8-B11D-476C-BC07-DB6748EEC2B0}.Debug|Any CPU.ActiveCfg = Debug|Any CPU
		{AAE273B8-B11D-476C-BC07-DB6748EEC2B0}.Debug|Any CPU.Build.0 = Debug|Any CPU
		{AAE273B8-B11D-476C-BC07-DB6748EEC2B0}.Debug|x86.ActiveCfg = Debug|Any CPU
		{AAE273B8-B11D-476C-BC07-DB6748EEC2B0}.Debug|x86.Build.0 = Debug|Any CPU
		{AAE273B8-B11D-476C-BC07-DB6748EEC2B0}.Release|Any CPU.ActiveCfg = Release|Any CPU
		{AAE273B8-B11D-476C-BC07-DB6748EEC2B0}.Release|Any CPU.Build.0 = Release|Any CPU
		{AAE273B8-B11D-476C-BC07-DB6748EEC2B0}.Release|x86.ActiveCfg = Release|Any CPU
		{AAE273B8-B11D-476C-BC07-DB6748EEC2B0}.Release|x86.Build.0 = Release|Any CPU
		{D132D0E9-50CC-4B76-B1AA-EA0DC9B4671A}.Debug|Any CPU.ActiveCfg = Debug|Any CPU
		{D132D0E9-50CC-4B76-B1AA-EA0DC9B4671A}.Debug|Any CPU.Build.0 = Debug|Any CPU
		{D132D0E9-50CC-4B76-B1AA-EA0DC9B4671A}.Debug|x86.ActiveCfg = Debug|Any CPU
		{D132D0E9-50CC-4B76-B1AA-EA0DC9B4671A}.Debug|x86.Build.0 = Debug|Any CPU
		{D132D0E9-50CC-4B76-B1AA-EA0DC9B4671A}.Release|Any CPU.ActiveCfg = Release|Any CPU
		{D132D0E9-50CC-4B76-B1AA-EA0DC9B4671A}.Release|Any CPU.Build.0 = Release|Any CPU
		{D132D0E9-50CC-4B76-B1AA-EA0DC9B4671A}.Release|x86.ActiveCfg = Release|Any CPU
		{D132D0E9-50CC-4B76-B1AA-EA0DC9B4671A}.Release|x86.Build.0 = Release|Any CPU
		{C65F5319-E738-4654-AC02-1C9C6A1867CB}.Debug|Any CPU.ActiveCfg = Debug|Any CPU
		{C65F5319-E738-4654-AC02-1C9C6A1867CB}.Debug|Any CPU.Build.0 = Debug|Any CPU
		{C65F5319-E738-4654-AC02-1C9C6A1867CB}.Debug|x86.ActiveCfg = Debug|Any CPU
		{C65F5319-E738-4654-AC02-1C9C6A1867CB}.Debug|x86.Build.0 = Debug|Any CPU
		{C65F5319-E738-4654-AC02-1C9C6A1867CB}.Release|Any CPU.ActiveCfg = Release|Any CPU
		{C65F5319-E738-4654-AC02-1C9C6A1867CB}.Release|Any CPU.Build.0 = Release|Any CPU
		{C65F5319-E738-4654-AC02-1C9C6A1867CB}.Release|x86.ActiveCfg = Release|Any CPU
		{C65F5319-E738-4654-AC02-1C9C6A1867CB}.Release|x86.Build.0 = Release|Any CPU
		{0C61F69B-E63F-4918-A97A-09EC8091A224}.Debug|Any CPU.ActiveCfg = Debug|Any CPU
		{0C61F69B-E63F-4918-A97A-09EC8091A224}.Debug|Any CPU.Build.0 = Debug|Any CPU
		{0C61F69B-E63F-4918-A97A-09EC8091A224}.Debug|x86.ActiveCfg = Debug|Any CPU
		{0C61F69B-E63F-4918-A97A-09EC8091A224}.Debug|x86.Build.0 = Debug|Any CPU
		{0C61F69B-E63F-4918-A97A-09EC8091A224}.Release|Any CPU.ActiveCfg = Release|Any CPU
		{0C61F69B-E63F-4918-A97A-09EC8091A224}.Release|Any CPU.Build.0 = Release|Any CPU
		{0C61F69B-E63F-4918-A97A-09EC8091A224}.Release|x86.ActiveCfg = Release|Any CPU
		{0C61F69B-E63F-4918-A97A-09EC8091A224}.Release|x86.Build.0 = Release|Any CPU
		{C317A55A-7E40-4552-92BF-6E9D08C29C9D}.Debug|Any CPU.ActiveCfg = Debug|Any CPU
		{C317A55A-7E40-4552-92BF-6E9D08C29C9D}.Debug|Any CPU.Build.0 = Debug|Any CPU
		{C317A55A-7E40-4552-92BF-6E9D08C29C9D}.Debug|x86.ActiveCfg = Debug|Any CPU
		{C317A55A-7E40-4552-92BF-6E9D08C29C9D}.Debug|x86.Build.0 = Debug|Any CPU
		{C317A55A-7E40-4552-92BF-6E9D08C29C9D}.Release|Any CPU.ActiveCfg = Release|Any CPU
		{C317A55A-7E40-4552-92BF-6E9D08C29C9D}.Release|Any CPU.Build.0 = Release|Any CPU
		{C317A55A-7E40-4552-92BF-6E9D08C29C9D}.Release|x86.ActiveCfg = Release|Any CPU
		{C317A55A-7E40-4552-92BF-6E9D08C29C9D}.Release|x86.Build.0 = Release|Any CPU
	EndGlobalSection
	GlobalSection(SolutionProperties) = preSolution
		HideSolutionNode = FALSE
	EndGlobalSection
	GlobalSection(NestedProjects) = preSolution
		{DCB5D745-525C-46A1-BFC0-E12F87AB6165} = {65835A7E-AD15-402B-8394-C9C93BC80A7E}
		{A2F5E356-15DF-4998-9F09-AE8B4EA4160E} = {1335C41C-B17F-4B10-84E3-399D09AE64F8}
		{EA699C0C-BDF6-458E-BCF5-3F16E2B83FFC} = {1335C41C-B17F-4B10-84E3-399D09AE64F8}
		{28C00774-1E73-4A75-AD8F-844CD21A064D} = {65835A7E-AD15-402B-8394-C9C93BC80A7E}
		{65F08514-3634-45C8-8EEB-6BAEA2EDC0C8} = {65835A7E-AD15-402B-8394-C9C93BC80A7E}
		{24CDDA1D-456E-4A65-AC96-35E715E4E894} = {D42DF69D-1693-43B5-846B-E66C1EE8925F}
		{9BDC2110-7424-4160-AA19-6B27D4193A92} = {65835A7E-AD15-402B-8394-C9C93BC80A7E}
		{DA3A776A-B43D-42CA-A9D1-EE3025BF95DB} = {D42DF69D-1693-43B5-846B-E66C1EE8925F}
		{B5078871-4299-49ED-B921-3B5EBE57336A} = {65835A7E-AD15-402B-8394-C9C93BC80A7E}
		{6E22793B-F28E-4509-9EBE-3FC29094DA94} = {65835A7E-AD15-402B-8394-C9C93BC80A7E}
		{A5E7C1A0-FF59-4462-9C1A-F87FBBE98C4F} = {41C0D45C-DDD0-48AC-95F7-2C2E074C85D8}
		{6E90250F-A19B-46CA-82C4-E389BEB1019F} = {41C0D45C-DDD0-48AC-95F7-2C2E074C85D8}
		{F0210C20-877A-4EF1-9135-73A856C6C68D} = {41C0D45C-DDD0-48AC-95F7-2C2E074C85D8}
		{565FFB68-D983-4812-8949-C2C33B88DA3F} = {41C0D45C-DDD0-48AC-95F7-2C2E074C85D8}
		{BA9ECB35-10B9-4D8B-A1F0-0BD9B6639AAE} = {41C0D45C-DDD0-48AC-95F7-2C2E074C85D8}
		{30E23137-F745-4F71-8BA9-95233D53F4C1} = {41C0D45C-DDD0-48AC-95F7-2C2E074C85D8}
		{E54A97DB-0AB7-4E70-9FD7-0B0382D5D170} = {D42DF69D-1693-43B5-846B-E66C1EE8925F}
		{ACB9D4F5-5A26-46ED-B22D-1AA10BFC0BD2} = {41C0D45C-DDD0-48AC-95F7-2C2E074C85D8}
		{763B6B86-FC8F-4BBF-99F1-CE52A74CA6C7} = {41C0D45C-DDD0-48AC-95F7-2C2E074C85D8}
		{C65F5319-E738-4654-AC02-1C9C6A1867CB} = {D42DF69D-1693-43B5-846B-E66C1EE8925F}
	EndGlobalSection
	GlobalSection(ExtensibilityGlobals) = postSolution
		SolutionGuid = {FA163C87-7BF4-4365-BB7C-DA22CF51050E}
	EndGlobalSection
EndGlobal
